
Microsoft Visual Studio Solution File, Format Version 12.00
# Visual Studio Version 16
VisualStudioVersion = 16.0.32002.261
MinimumVisualStudioVersion = 10.0.40219.1
Project("{FAE04EC0-301F-11D3-BF4B-00C04F79EFBC}") = "GrpcService", "GrpcService\GrpcService.csproj", "{3B73B6F9-E2EC-490D-971D-0110B26C409D}"
EndProject
Project("{FAE04EC0-301F-11D3-BF4B-00C04F79EFBC}") = "gRpcClient", "gRpcClient\gRpcClient.csproj", "{5ECD92ED-9448-4671-A0C7-02BE6549FFAB}"
EndProject
Global
	GlobalSection(SolutionConfigurationPlatforms) = preSolution
		Debug|Any CPU = Debug|Any CPU
		Release|Any CPU = Release|Any CPU
	EndGlobalSection
	GlobalSection(ProjectConfigurationPlatforms) = postSolution
		{3B73B6F9-E2EC-490D-971D-0110B26C409D}.Debug|Any CPU.ActiveCfg = Debug|Any CPU
		{3B73B6F9-E2EC-490D-971D-0110B26C409D}.Debug|Any CPU.Build.0 = Debug|Any CPU
		{3B73B6F9-E2EC-490D-971D-0110B26C409D}.Release|Any CPU.ActiveCfg = Release|Any CPU
		{3B73B6F9-E2EC-490D-971D-0110B26C409D}.Release|Any CPU.Build.0 = Release|Any CPU
		{5ECD92ED-9448-4671-A0C7-02BE6549FFAB}.Debug|Any CPU.ActiveCfg = Debug|Any CPU
		{5ECD92ED-9448-4671-A0C7-02BE6549FFAB}.Debug|Any CPU.Build.0 = Debug|Any CPU
		{5ECD92ED-9448-4671-A0C7-02BE6549FFAB}.Release|Any CPU.ActiveCfg = Release|Any CPU
		{5ECD92ED-9448-4671-A0C7-02BE6549FFAB}.Release|Any CPU.Build.0 = Release|Any CPU
	EndGlobalSection
	GlobalSection(SolutionProperties) = preSolution
		HideSolutionNode = FALSE
	EndGlobalSection
	GlobalSection(ExtensibilityGlobals) = postSolution
		SolutionGuid = {F1E646CE-19EA-4F33-9E64-F4C482A9171A}
	EndGlobalSection
EndGlobal
